version: 6
environments:
  default:
    channels:
    - url: https://conda.anaconda.org/conda-forge/
    - url: https://conda.anaconda.org/bioconda/
    packages:
      linux-64:
      - conda: https://conda.anaconda.org/conda-forge/linux-64/_libgcc_mutex-0.1-conda_forge.tar.bz2
      - conda: https://conda.anaconda.org/conda-forge/linux-64/_openmp_mutex-4.5-2_gnu.tar.bz2
      - conda: https://conda.anaconda.org/conda-forge/linux-64/bzip2-1.0.8-hda65f42_8.conda
      - conda: https://conda.anaconda.org/conda-forge/linux-64/c-ares-1.34.5-hb9d3cd8_0.conda
      - conda: https://conda.anaconda.org/conda-forge/noarch/ca-certificates-2025.8.3-hbd8a1cb_0.conda
      - conda: https://conda.anaconda.org/conda-forge/linux-64/csvtk-0.34.0-h0d0c7ba_0.conda
      - conda: https://conda.anaconda.org/bioconda/linux-64/htslib-1.22.1-h566b1c6_0.tar.bz2
      - conda: https://conda.anaconda.org/conda-forge/linux-64/keyutils-1.6.3-hb9d3cd8_0.conda
      - conda: https://conda.anaconda.org/conda-forge/linux-64/krb5-1.21.3-h659f571_0.conda
      - conda: https://conda.anaconda.org/conda-forge/linux-64/ld_impl_linux-64-2.44-ha97dd6f_2.conda
      - conda: https://conda.anaconda.org/conda-forge/linux-64/libcurl-8.14.1-h332b0f4_0.conda
      - conda: https://conda.anaconda.org/conda-forge/linux-64/libdeflate-1.24-h86f0d12_0.conda
      - conda: https://conda.anaconda.org/conda-forge/linux-64/libedit-3.1.20250104-pl5321h7949ede_0.conda
      - conda: https://conda.anaconda.org/conda-forge/linux-64/libev-4.33-hd590300_2.conda
      - conda: https://conda.anaconda.org/conda-forge/linux-64/libexpat-2.7.1-hecca717_0.conda
      - conda: https://conda.anaconda.org/conda-forge/linux-64/libffi-3.4.6-h2dba641_1.conda
      - conda: https://conda.anaconda.org/conda-forge/linux-64/libgcc-15.1.0-h767d61c_5.conda
      - conda: https://conda.anaconda.org/conda-forge/linux-64/libgcc-ng-15.1.0-h69a702a_5.conda
      - conda: https://conda.anaconda.org/conda-forge/linux-64/libgomp-15.1.0-h767d61c_5.conda
      - conda: https://conda.anaconda.org/conda-forge/linux-64/liblzma-5.8.1-hb9d3cd8_2.conda
      - conda: https://conda.anaconda.org/conda-forge/linux-64/libmpdec-4.0.0-hb9d3cd8_0.conda
      - conda: https://conda.anaconda.org/conda-forge/linux-64/libnghttp2-1.67.0-had1ee68_0.conda
      - conda: https://conda.anaconda.org/conda-forge/linux-64/libsqlite-3.50.4-h0c1763c_0.conda
      - conda: https://conda.anaconda.org/conda-forge/linux-64/libssh2-1.11.1-hcf80075_0.conda
      - conda: https://conda.anaconda.org/conda-forge/linux-64/libstdcxx-15.1.0-h8f9b012_5.conda
      - conda: https://conda.anaconda.org/conda-forge/linux-64/libstdcxx-ng-15.1.0-h4852527_5.conda
      - conda: https://conda.anaconda.org/conda-forge/linux-64/libuuid-2.41.2-he9a06e4_0.conda
      - conda: https://conda.anaconda.org/conda-forge/linux-64/libxcrypt-4.4.36-hd590300_1.conda
      - conda: https://conda.anaconda.org/conda-forge/linux-64/libzlib-1.3.1-hb9d3cd8_2.conda
      - conda: https://conda.anaconda.org/conda-forge/linux-64/ncurses-6.5-h2d0b736_3.conda
      - conda: https://conda.anaconda.org/conda-forge/linux-64/openssl-3.5.3-h26f9b46_1.conda
      - conda: https://conda.anaconda.org/conda-forge/linux-64/parallel-20250822-ha770c72_0.conda
      - conda: https://conda.anaconda.org/conda-forge/linux-64/perl-5.32.1-7_hd590300_perl5.conda
      - conda: https://conda.anaconda.org/conda-forge/linux-64/python-3.13.7-h2b335a9_100_cp313.conda
      - conda: https://conda.anaconda.org/conda-forge/noarch/python_abi-3.13-8_cp313.conda
      - conda: https://conda.anaconda.org/conda-forge/linux-64/readline-8.2-h8c095d6_2.conda
      - conda: https://conda.anaconda.org/bioconda/linux-64/samtools-1.22.1-h96c455f_0.tar.bz2
      - conda: https://conda.anaconda.org/bioconda/linux-64/seqkit-2.10.1-he881be0_0.conda
      - conda: https://conda.anaconda.org/conda-forge/linux-64/tk-8.6.13-noxft_hd72426e_102.conda
      - conda: https://conda.anaconda.org/conda-forge/noarch/tzdata-2025b-h78e105d_0.conda
      - conda: https://conda.anaconda.org/conda-forge/linux-64/zstd-1.5.7-hb8e6e7a_2.conda
      linux-aarch64:
      - conda: https://conda.anaconda.org/conda-forge/linux-aarch64/_openmp_mutex-4.5-2_gnu.tar.bz2
      - conda: https://conda.anaconda.org/conda-forge/linux-aarch64/bzip2-1.0.8-h4777abc_8.conda
      - conda: https://conda.anaconda.org/conda-forge/linux-aarch64/c-ares-1.34.5-h86ecc28_0.conda
      - conda: https://conda.anaconda.org/conda-forge/noarch/ca-certificates-2025.8.3-hbd8a1cb_0.conda
      - conda: https://conda.anaconda.org/conda-forge/linux-aarch64/csvtk-0.34.0-h631b3c3_0.conda
      - conda: https://conda.anaconda.org/bioconda/linux-aarch64/htslib-1.22.1-h7068f72_0.tar.bz2
      - conda: https://conda.anaconda.org/conda-forge/linux-aarch64/keyutils-1.6.3-h86ecc28_0.conda
      - conda: https://conda.anaconda.org/conda-forge/linux-aarch64/krb5-1.21.3-h50a48e9_0.conda
      - conda: https://conda.anaconda.org/conda-forge/linux-aarch64/ld_impl_linux-aarch64-2.44-h9df1782_2.conda
      - conda: https://conda.anaconda.org/conda-forge/linux-aarch64/libcurl-8.14.1-h6702fde_0.conda
      - conda: https://conda.anaconda.org/conda-forge/linux-aarch64/libdeflate-1.22-h86ecc28_0.conda
      - conda: https://conda.anaconda.org/conda-forge/linux-aarch64/libedit-3.1.20250104-pl5321h976ea20_0.conda
      - conda: https://conda.anaconda.org/conda-forge/linux-aarch64/libev-4.33-h31becfc_2.conda
      - conda: https://conda.anaconda.org/conda-forge/linux-aarch64/libexpat-2.7.1-hfae3067_0.conda
      - conda: https://conda.anaconda.org/conda-forge/linux-aarch64/libffi-3.4.6-he21f813_1.conda
      - conda: https://conda.anaconda.org/conda-forge/linux-aarch64/libgcc-15.1.0-he277a41_5.conda
      - conda: https://conda.anaconda.org/conda-forge/linux-aarch64/libgcc-ng-15.1.0-he9431aa_5.conda
      - conda: https://conda.anaconda.org/conda-forge/linux-aarch64/libgomp-15.1.0-he277a41_5.conda
      - conda: https://conda.anaconda.org/conda-forge/linux-aarch64/liblzma-5.8.1-h86ecc28_2.conda
      - conda: https://conda.anaconda.org/conda-forge/linux-aarch64/libmpdec-4.0.0-h86ecc28_0.conda
      - conda: https://conda.anaconda.org/conda-forge/linux-aarch64/libnghttp2-1.67.0-ha888d0e_0.conda
      - conda: https://conda.anaconda.org/conda-forge/linux-aarch64/libsqlite-3.50.4-h022381a_0.conda
      - conda: https://conda.anaconda.org/conda-forge/linux-aarch64/libssh2-1.11.1-h18c354c_0.conda
      - conda: https://conda.anaconda.org/conda-forge/linux-aarch64/libstdcxx-15.1.0-h3f4de04_5.conda
      - conda: https://conda.anaconda.org/conda-forge/linux-aarch64/libstdcxx-ng-15.1.0-hf1166c9_5.conda
      - conda: https://conda.anaconda.org/conda-forge/linux-aarch64/libuuid-2.41.2-h3e4203c_0.conda
      - conda: https://conda.anaconda.org/conda-forge/linux-aarch64/libxcrypt-4.4.36-h31becfc_1.conda
      - conda: https://conda.anaconda.org/conda-forge/linux-aarch64/libzlib-1.3.1-h86ecc28_2.conda
      - conda: https://conda.anaconda.org/conda-forge/linux-aarch64/ncurses-6.5-ha32ae93_3.conda
      - conda: https://conda.anaconda.org/conda-forge/linux-aarch64/openssl-3.5.3-h8e36d6e_1.conda
      - conda: https://conda.anaconda.org/conda-forge/linux-aarch64/parallel-20250822-h8af1aa0_0.conda
      - conda: https://conda.anaconda.org/conda-forge/linux-aarch64/perl-5.32.1-7_h31becfc_perl5.conda
      - conda: https://conda.anaconda.org/conda-forge/linux-aarch64/python-3.13.7-h23354eb_100_cp313.conda
      - conda: https://conda.anaconda.org/conda-forge/noarch/python_abi-3.13-8_cp313.conda
      - conda: https://conda.anaconda.org/conda-forge/linux-aarch64/readline-8.2-h8382b9d_2.conda
      - conda: https://conda.anaconda.org/bioconda/linux-aarch64/samtools-1.22.1-h0b41a95_0.tar.bz2
      - conda: https://conda.anaconda.org/bioconda/linux-aarch64/seqkit-2.10.1-h8865c2f_0.conda
      - conda: https://conda.anaconda.org/conda-forge/linux-aarch64/tk-8.6.13-noxft_h5688188_102.conda
      - conda: https://conda.anaconda.org/conda-forge/noarch/tzdata-2025b-h78e105d_0.conda
      - conda: https://conda.anaconda.org/conda-forge/linux-aarch64/zstd-1.5.7-hbcf94c1_2.conda
      osx-64:
      - conda: https://conda.anaconda.org/conda-forge/osx-64/bzip2-1.0.8-h500dc9f_8.conda
      - conda: https://conda.anaconda.org/conda-forge/osx-64/c-ares-1.34.5-hf13058a_0.conda
      - conda: https://conda.anaconda.org/conda-forge/noarch/ca-certificates-2025.8.3-hbd8a1cb_0.conda
      - conda: https://conda.anaconda.org/conda-forge/osx-64/csvtk-0.34.0-h7b2e7b9_0.conda
      - conda: https://conda.anaconda.org/bioconda/osx-64/htslib-1.22.1-h9f635df_0.tar.bz2
      - conda: https://conda.anaconda.org/conda-forge/osx-64/krb5-1.21.3-h37d8d59_0.conda
      - conda: https://conda.anaconda.org/conda-forge/osx-64/libcurl-8.14.1-h5dec5d8_0.conda
      - conda: https://conda.anaconda.org/conda-forge/osx-64/libcxx-21.1.2-h3d58e20_0.conda
      - conda: https://conda.anaconda.org/conda-forge/osx-64/libdeflate-1.24-hcc1b750_0.conda
      - conda: https://conda.anaconda.org/conda-forge/osx-64/libedit-3.1.20250104-pl5321ha958ccf_0.conda
      - conda: https://conda.anaconda.org/conda-forge/osx-64/libev-4.33-h10d778d_2.conda
      - conda: https://conda.anaconda.org/conda-forge/osx-64/libexpat-2.7.1-h21dd04a_0.conda
      - conda: https://conda.anaconda.org/conda-forge/osx-64/libffi-3.4.6-h281671d_1.conda
      - conda: https://conda.anaconda.org/conda-forge/osx-64/liblzma-5.8.1-hd471939_2.conda
      - conda: https://conda.anaconda.org/conda-forge/osx-64/libmpdec-4.0.0-h6e16a3a_0.conda
      - conda: https://conda.anaconda.org/conda-forge/osx-64/libnghttp2-1.67.0-h3338091_0.conda
      - conda: https://conda.anaconda.org/conda-forge/osx-64/libsqlite-3.50.4-h39a8b3b_0.conda
      - conda: https://conda.anaconda.org/conda-forge/osx-64/libssh2-1.11.1-hed3591d_0.conda
      - conda: https://conda.anaconda.org/conda-forge/osx-64/libzlib-1.3.1-hd23fc13_2.conda
      - conda: https://conda.anaconda.org/conda-forge/osx-64/ncurses-6.5-h0622a9a_3.conda
      - conda: https://conda.anaconda.org/conda-forge/osx-64/openssl-3.5.3-h230baf5_1.conda
      - conda: https://conda.anaconda.org/conda-forge/osx-64/parallel-20250822-h694c41f_0.conda
      - conda: https://conda.anaconda.org/conda-forge/osx-64/perl-5.32.1-7_h10d778d_perl5.conda
      - conda: https://conda.anaconda.org/conda-forge/osx-64/python-3.13.7-h5eba815_100_cp313.conda
      - conda: https://conda.anaconda.org/conda-forge/noarch/python_abi-3.13-8_cp313.conda
      - conda: https://conda.anaconda.org/conda-forge/osx-64/readline-8.2-h7cca4af_2.conda
      - conda: https://conda.anaconda.org/bioconda/osx-64/samtools-1.22.1-ha21ef43_0.tar.bz2
      - conda: https://conda.anaconda.org/bioconda/osx-64/seqkit-2.10.1-h193322a_0.conda
      - conda: https://conda.anaconda.org/conda-forge/osx-64/tk-8.6.13-hf689a15_2.conda
      - conda: https://conda.anaconda.org/conda-forge/noarch/tzdata-2025b-h78e105d_0.conda
      - conda: https://conda.anaconda.org/conda-forge/osx-64/zstd-1.5.7-h8210216_2.conda
packages:
- conda: https://conda.anaconda.org/conda-forge/linux-64/_libgcc_mutex-0.1-conda_forge.tar.bz2
  sha256: fe51de6107f9edc7aa4f786a70f4a883943bc9d39b3bb7307c04c41410990726
  md5: d7c89558ba9fa0495403155b64376d81
  license: None
  size: 2562
  timestamp: 1578324546067
- conda: https://conda.anaconda.org/conda-forge/linux-64/_openmp_mutex-4.5-2_gnu.tar.bz2
  build_number: 16
  sha256: fbe2c5e56a653bebb982eda4876a9178aedfc2b545f25d0ce9c4c0b508253d22
  md5: 73aaf86a425cc6e73fcf236a5a46396d
  depends:
  - _libgcc_mutex 0.1 conda_forge
  - libgomp >=7.5.0
  constrains:
  - openmp_impl 9999
  license: BSD-3-Clause
  license_family: BSD
  size: 23621
  timestamp: 1650670423406
- conda: https://conda.anaconda.org/conda-forge/linux-aarch64/_openmp_mutex-4.5-2_gnu.tar.bz2
  build_number: 16
  sha256: 3702bef2f0a4d38bd8288bbe54aace623602a1343c2cfbefd3fa188e015bebf0
  md5: 6168d71addc746e8f2b8d57dfd2edcea
  depends:
  - libgomp >=7.5.0
  constrains:
  - openmp_impl 9999
  license: BSD-3-Clause
  license_family: BSD
  size: 23712
  timestamp: 1650670790230
- conda: https://conda.anaconda.org/conda-forge/linux-64/bzip2-1.0.8-hda65f42_8.conda
  sha256: c30daba32ddebbb7ded490f0e371eae90f51e72db620554089103b4a6934b0d5
  md5: 51a19bba1b8ebfb60df25cde030b7ebc
  depends:
  - __glibc >=2.17,<3.0.a0
  - libgcc >=14
  license: bzip2-1.0.6
  license_family: BSD
  size: 260341
  timestamp: 1757437258798
- conda: https://conda.anaconda.org/conda-forge/linux-aarch64/bzip2-1.0.8-h4777abc_8.conda
  sha256: d2a296aa0b5f38ed9c264def6cf775c0ccb0f110ae156fcde322f3eccebf2e01
  md5: 2921ac0b541bf37c69e66bd6d9a43bca
  depends:
  - libgcc >=14
  license: bzip2-1.0.6
  license_family: BSD
  size: 192536
  timestamp: 1757437302703
- conda: https://conda.anaconda.org/conda-forge/osx-64/bzip2-1.0.8-h500dc9f_8.conda
  sha256: 8f50b58efb29c710f3cecf2027a8d7325ba769ab10c746eff75cea3ac050b10c
  md5: 97c4b3bd8a90722104798175a1bdddbf
  depends:
  - __osx >=10.13
  license: bzip2-1.0.6
  license_family: BSD
  size: 132607
  timestamp: 1757437730085
- conda: https://conda.anaconda.org/conda-forge/linux-64/c-ares-1.34.5-hb9d3cd8_0.conda
  sha256: f8003bef369f57396593ccd03d08a8e21966157269426f71e943f96e4b579aeb
  md5: f7f0d6cc2dc986d42ac2689ec88192be
  depends:
  - __glibc >=2.17,<3.0.a0
  - libgcc >=13
  license: MIT
  license_family: MIT
  size: 206884
  timestamp: 1744127994291
- conda: https://conda.anaconda.org/conda-forge/linux-aarch64/c-ares-1.34.5-h86ecc28_0.conda
  sha256: ccae98c665d86723993d4cb0b456bd23804af5b0645052c09a31c9634eebc8df
  md5: 5deaa903d46d62a1f8077ad359c3062e
  depends:
  - libgcc >=13
  license: MIT
  license_family: MIT
  size: 215950
  timestamp: 1744127972012
- conda: https://conda.anaconda.org/conda-forge/osx-64/c-ares-1.34.5-hf13058a_0.conda
  sha256: b37f5dacfe1c59e0a207c1d65489b760dff9ddb97b8df7126ceda01692ba6e97
  md5: eafe5d9f1a8c514afe41e6e833f66dfd
  depends:
  - __osx >=10.13
  license: MIT
  license_family: MIT
  size: 184824
  timestamp: 1744128064511
- conda: https://conda.anaconda.org/conda-forge/noarch/ca-certificates-2025.8.3-hbd8a1cb_0.conda
  sha256: 837b795a2bb39b75694ba910c13c15fa4998d4bb2a622c214a6a5174b2ae53d1
  md5: 74784ee3d225fc3dca89edb635b4e5cc
  depends:
  - __unix
  license: ISC
  size: 154402
  timestamp: 1754210968730
- conda: https://conda.anaconda.org/conda-forge/linux-64/csvtk-0.34.0-h0d0c7ba_0.conda
  sha256: 386913bcb81da2f195f21836af8d61fec45cf3510f7d1111254230c4f21c1e5b
  md5: 08d3e7824c81246f05dce136e0ddb1a9
  license: MIT
  license_family: MIT
  size: 8090961
  timestamp: 1748668906770
- conda: https://conda.anaconda.org/conda-forge/linux-aarch64/csvtk-0.34.0-h631b3c3_0.conda
  sha256: 4553b0d07fe2081ecd0caffe61ce3156699a50982d9b8bb9f26694e3079b31b4
  md5: 5ec013347ffeaa0cfefb92e5c2f5c0dd
  license: MIT
  license_family: MIT
  size: 7385192
  timestamp: 1748671277549
- conda: https://conda.anaconda.org/conda-forge/osx-64/csvtk-0.34.0-h7b2e7b9_0.conda
  sha256: 24bf18dbc13770240701716382e71a5e9d1eb64ed05006ad091e649db1c8371a
  md5: 28f9efc31d4926c5dba4827b71f1a1e4
  constrains:
  - __osx>=10.12
  license: MIT
  license_family: MIT
  size: 7905094
  timestamp: 1748668993920
- conda: https://conda.anaconda.org/bioconda/linux-64/htslib-1.22.1-h566b1c6_0.tar.bz2
  sha256: 858e634fea447555dcf9725c6533ec7e0f345cb74b53d0d6c99f0ff9575924a1
  md5: 646b491ab86e0ab7173d35eb3a5f3241
  depends:
  - bzip2 >=1.0.8,<2.0a0
  - libcurl >=8.14.1,<9.0a0
  - libdeflate >=1.22,<1.25.0a0
  - libgcc >=13
  - liblzma >=5.8.1,<6.0a0
  - libzlib >=1.3.1,<2.0a0
  - openssl >=3.5.1,<4.0a0
  license: MIT
  license_family: MIT
  size: 3255846
  timestamp: 1752522753233
- conda: https://conda.anaconda.org/bioconda/linux-aarch64/htslib-1.22.1-h7068f72_0.tar.bz2
  sha256: 555d286c069018fa20ceacd009fabc86b6ed2698d3bcd02ebf62cd53fc4e4c74
  md5: 68bb149f35d3c924e77e93555221ef0c
  depends:
  - bzip2 >=1.0.8,<2.0a0
  - libcurl >=8.14.1,<9.0a0
  - libdeflate >=1.22,<1.23.0a0
  - libgcc >=13
  - liblzma >=5.8.1,<6.0a0
  - libzlib >=1.3.1,<2.0a0
  - openssl >=3.5.1,<4.0a0
  license: MIT
  license_family: MIT
  size: 3104298
  timestamp: 1752522627023
- conda: https://conda.anaconda.org/bioconda/osx-64/htslib-1.22.1-h9f635df_0.tar.bz2
  sha256: 15a354213dc31c0c415e96dcd6ceab4f22ea0afd3cfda0778371151154dd05bc
  md5: aa42421d658fc72e59f1bb291ca366ed
  depends:
  - bzip2 >=1.0.8,<2.0a0
  - libcurl >=8.14.1,<9.0a0
  - libdeflate >=1.22,<1.25.0a0
  - liblzma >=5.8.1,<6.0a0
  - libzlib >=1.3.1,<2.0a0
  license: MIT
  license_family: MIT
  size: 3013794
  timestamp: 1752523486858
- conda: https://conda.anaconda.org/conda-forge/linux-64/keyutils-1.6.3-hb9d3cd8_0.conda
  sha256: 0960d06048a7185d3542d850986d807c6e37ca2e644342dd0c72feefcf26c2a4
  md5: b38117a3c920364aff79f870c984b4a3
  depends:
  - __glibc >=2.17,<3.0.a0
  - libgcc >=13
  license: LGPL-2.1-or-later
  size: 134088
  timestamp: 1754905959823
- conda: https://conda.anaconda.org/conda-forge/linux-aarch64/keyutils-1.6.3-h86ecc28_0.conda
  sha256: 5ce830ca274b67de11a7075430a72020c1fb7d486161a82839be15c2b84e9988
  md5: e7df0aab10b9cbb73ab2a467ebfaf8c7
  depends:
  - libgcc >=13
  license: LGPL-2.1-or-later
  size: 129048
  timestamp: 1754906002667
- conda: https://conda.anaconda.org/conda-forge/linux-64/krb5-1.21.3-h659f571_0.conda
  sha256: 99df692f7a8a5c27cd14b5fb1374ee55e756631b9c3d659ed3ee60830249b238
  md5: 3f43953b7d3fb3aaa1d0d0723d91e368
  depends:
  - keyutils >=1.6.1,<2.0a0
  - libedit >=3.1.20191231,<3.2.0a0
  - libedit >=3.1.20191231,<4.0a0
  - libgcc-ng >=12
  - libstdcxx-ng >=12
  - openssl >=3.3.1,<4.0a0
  license: MIT
  license_family: MIT
  size: 1370023
  timestamp: 1719463201255
- conda: https://conda.anaconda.org/conda-forge/linux-aarch64/krb5-1.21.3-h50a48e9_0.conda
  sha256: 0ec272afcf7ea7fbf007e07a3b4678384b7da4047348107b2ae02630a570a815
  md5: 29c10432a2ca1472b53f299ffb2ffa37
  depends:
  - keyutils >=1.6.1,<2.0a0
  - libedit >=3.1.20191231,<3.2.0a0
  - libedit >=3.1.20191231,<4.0a0
  - libgcc-ng >=12
  - libstdcxx-ng >=12
  - openssl >=3.3.1,<4.0a0
  license: MIT
  license_family: MIT
  size: 1474620
  timestamp: 1719463205834
- conda: https://conda.anaconda.org/conda-forge/osx-64/krb5-1.21.3-h37d8d59_0.conda
  sha256: 83b52685a4ce542772f0892a0f05764ac69d57187975579a0835ff255ae3ef9c
  md5: d4765c524b1d91567886bde656fb514b
  depends:
  - __osx >=10.13
  - libcxx >=16
  - libedit >=3.1.20191231,<3.2.0a0
  - libedit >=3.1.20191231,<4.0a0
  - openssl >=3.3.1,<4.0a0
  license: MIT
  license_family: MIT
  size: 1185323
  timestamp: 1719463492984
- conda: https://conda.anaconda.org/conda-forge/linux-64/ld_impl_linux-64-2.44-ha97dd6f_2.conda
  sha256: 707dfb8d55d7a5c6f95c772d778ef07a7ca85417d9971796f7d3daad0b615de8
  md5: 14bae321b8127b63cba276bd53fac237
  depends:
  - __glibc >=2.17,<3.0.a0
  constrains:
  - binutils_impl_linux-64 2.44
  license: GPL-3.0-only
  license_family: GPL
  size: 747158
  timestamp: 1758810907507
- conda: https://conda.anaconda.org/conda-forge/linux-aarch64/ld_impl_linux-aarch64-2.44-h9df1782_2.conda
  sha256: 6edaaad2b275ac7a230b73488723ffe0a3d49345682fd032b5c6f872411a3343
  md5: c82b1aeb48ef8d5432cbc592716464ba
  constrains:
  - binutils_impl_linux-aarch64 2.44
  license: GPL-3.0-only
  license_family: GPL
  size: 787844
  timestamp: 1758810889587
- conda: https://conda.anaconda.org/conda-forge/linux-64/libcurl-8.14.1-h332b0f4_0.conda
  sha256: b6c5cf340a4f80d70d64b3a29a7d9885a5918d16a5cb952022820e6d3e79dc8b
  md5: 45f6713cb00f124af300342512219182
  depends:
  - __glibc >=2.17,<3.0.a0
  - krb5 >=1.21.3,<1.22.0a0
  - libgcc >=13
  - libnghttp2 >=1.64.0,<2.0a0
  - libssh2 >=1.11.1,<2.0a0
  - libzlib >=1.3.1,<2.0a0
  - openssl >=3.5.0,<4.0a0
  - zstd >=1.5.7,<1.6.0a0
  license: curl
  license_family: MIT
  size: 449910
  timestamp: 1749033146806
- conda: https://conda.anaconda.org/conda-forge/linux-aarch64/libcurl-8.14.1-h6702fde_0.conda
  sha256: 13f7cc9f6b4bdc9a3544339abf2662bc61018c415fe7a1518137db782eb85343
  md5: 1d92dbf43358f0774dc91764fa77a9f5
  depends:
  - krb5 >=1.21.3,<1.22.0a0
  - libgcc >=13
  - libnghttp2 >=1.64.0,<2.0a0
  - libssh2 >=1.11.1,<2.0a0
  - libzlib >=1.3.1,<2.0a0
  - openssl >=3.5.0,<4.0a0
  - zstd >=1.5.7,<1.6.0a0
  license: curl
  license_family: MIT
  size: 469143
  timestamp: 1749033114882
- conda: https://conda.anaconda.org/conda-forge/osx-64/libcurl-8.14.1-h5dec5d8_0.conda
  sha256: ca0d8d12056227d6b47122cfb6d68fc5a3a0c6ab75a0e908542954fc5f84506c
  md5: 8738cd19972c3599400404882ddfbc24
  depends:
  - __osx >=10.13
  - krb5 >=1.21.3,<1.22.0a0
  - libnghttp2 >=1.64.0,<2.0a0
  - libssh2 >=1.11.1,<2.0a0
  - libzlib >=1.3.1,<2.0a0
  - openssl >=3.5.0,<4.0a0
  - zstd >=1.5.7,<1.6.0a0
  license: curl
  license_family: MIT
  size: 424040
  timestamp: 1749033558114
- conda: https://conda.anaconda.org/conda-forge/osx-64/libcxx-21.1.2-h3d58e20_0.conda
  sha256: c3feab716740baa6193a1bc5c948c47c913e28f6e52d418bb67123cb92b9761e
  md5: 34cd9d03a8f27081a556cb397a19f6cd
  depends:
  - __osx >=10.13
  license: Apache-2.0 WITH LLVM-exception
  license_family: Apache
  size: 572006
  timestamp: 1758698149906
- conda: https://conda.anaconda.org/conda-forge/linux-64/libdeflate-1.24-h86f0d12_0.conda
  sha256: 8420748ea1cc5f18ecc5068b4f24c7a023cc9b20971c99c824ba10641fb95ddf
  md5: 64f0c503da58ec25ebd359e4d990afa8
  depends:
  - __glibc >=2.17,<3.0.a0
  - libgcc >=13
  license: MIT
  license_family: MIT
  size: 72573
  timestamp: 1747040452262
- conda: https://conda.anaconda.org/conda-forge/linux-aarch64/libdeflate-1.22-h86ecc28_0.conda
  sha256: 986207f130703897300ddc3637c52e86a5b21c735fe384bf48554d9a6d91c56d
  md5: ff6a44e8b1707d02be2fe9a36ea88d4a
  depends:
  - libgcc >=13
  license: MIT
  license_family: MIT
  size: 69601
  timestamp: 1728177137503
- conda: https://conda.anaconda.org/conda-forge/osx-64/libdeflate-1.24-hcc1b750_0.conda
  sha256: 2733a4adf53daca1aa4f41fe901f0f8ee9e4c509abd23ffcd7660013772d6f45
  md5: f0a46c359722a3e84deb05cd4072d153
  depends:
  - __osx >=10.13
  license: MIT
  license_family: MIT
  size: 69751
  timestamp: 1747040526774
- conda: https://conda.anaconda.org/conda-forge/linux-64/libedit-3.1.20250104-pl5321h7949ede_0.conda
  sha256: d789471216e7aba3c184cd054ed61ce3f6dac6f87a50ec69291b9297f8c18724
  md5: c277e0a4d549b03ac1e9d6cbbe3d017b
  depends:
  - ncurses
  - __glibc >=2.17,<3.0.a0
  - libgcc >=13
  - ncurses >=6.5,<7.0a0
  license: BSD-2-Clause
  license_family: BSD
  size: 134676
  timestamp: 1738479519902
- conda: https://conda.anaconda.org/conda-forge/linux-aarch64/libedit-3.1.20250104-pl5321h976ea20_0.conda
  sha256: c0b27546aa3a23d47919226b3a1635fccdb4f24b94e72e206a751b33f46fd8d6
  md5: fb640d776fc92b682a14e001980825b1
  depends:
  - ncurses
  - libgcc >=13
  - ncurses >=6.5,<7.0a0
  license: BSD-2-Clause
  license_family: BSD
  size: 148125
  timestamp: 1738479808948
- conda: https://conda.anaconda.org/conda-forge/osx-64/libedit-3.1.20250104-pl5321ha958ccf_0.conda
  sha256: 6cc49785940a99e6a6b8c6edbb15f44c2dd6c789d9c283e5ee7bdfedd50b4cd6
  md5: 1f4ed31220402fcddc083b4bff406868
  depends:
  - ncurses
  - __osx >=10.13
  - ncurses >=6.5,<7.0a0
  license: BSD-2-Clause
  license_family: BSD
  size: 115563
  timestamp: 1738479554273
- conda: https://conda.anaconda.org/conda-forge/linux-64/libev-4.33-hd590300_2.conda
  sha256: 1cd6048169fa0395af74ed5d8f1716e22c19a81a8a36f934c110ca3ad4dd27b4
  md5: 172bf1cd1ff8629f2b1179945ed45055
  depends:
  - libgcc-ng >=12
  license: BSD-2-Clause
  license_family: BSD
  size: 112766
  timestamp: 1702146165126
- conda: https://conda.anaconda.org/conda-forge/linux-aarch64/libev-4.33-h31becfc_2.conda
  sha256: 973af77e297f1955dd1f69c2cbdc5ab9dfc88388a5576cd152cda178af0fd006
  md5: a9a13cb143bbaa477b1ebaefbe47a302
  depends:
  - libgcc-ng >=12
  license: BSD-2-Clause
  license_family: BSD
  size: 115123
  timestamp: 1702146237623
- conda: https://conda.anaconda.org/conda-forge/osx-64/libev-4.33-h10d778d_2.conda
  sha256: 0d238488564a7992942aa165ff994eca540f687753b4f0998b29b4e4d030ff43
  md5: 899db79329439820b7e8f8de41bca902
  license: BSD-2-Clause
  license_family: BSD
  size: 106663
  timestamp: 1702146352558
- conda: https://conda.anaconda.org/conda-forge/linux-64/libexpat-2.7.1-hecca717_0.conda
  sha256: da2080da8f0288b95dd86765c801c6e166c4619b910b11f9a8446fb852438dc2
  md5: 4211416ecba1866fab0c6470986c22d6
  depends:
  - __glibc >=2.17,<3.0.a0
  - libgcc >=14
  constrains:
  - expat 2.7.1.*
  license: MIT
  license_family: MIT
  size: 74811
  timestamp: 1752719572741
- conda: https://conda.anaconda.org/conda-forge/linux-aarch64/libexpat-2.7.1-hfae3067_0.conda
  sha256: 378cabff44ea83ce4d9f9c59f47faa8d822561d39166608b3e65d1e06c927415
  md5: f75d19f3755461db2eb69401f5514f4c
  depends:
  - libgcc >=14
  constrains:
  - expat 2.7.1.*
  license: MIT
  license_family: MIT
  size: 74309
  timestamp: 1752719762749
- conda: https://conda.anaconda.org/conda-forge/osx-64/libexpat-2.7.1-h21dd04a_0.conda
  sha256: 689862313571b62ee77ee01729dc093f2bf25a2f99415fcfe51d3a6cd31cce7b
  md5: 9fdeae0b7edda62e989557d645769515
  depends:
  - __osx >=10.13
  constrains:
  - expat 2.7.1.*
  license: MIT
  license_family: MIT
  size: 72450
  timestamp: 1752719744781
- conda: https://conda.anaconda.org/conda-forge/linux-64/libffi-3.4.6-h2dba641_1.conda
  sha256: 764432d32db45466e87f10621db5b74363a9f847d2b8b1f9743746cd160f06ab
  md5: ede4673863426c0883c0063d853bbd85
  depends:
  - __glibc >=2.17,<3.0.a0
  - libgcc >=13
  license: MIT
  license_family: MIT
  size: 57433
  timestamp: 1743434498161
- conda: https://conda.anaconda.org/conda-forge/linux-aarch64/libffi-3.4.6-he21f813_1.conda
  sha256: 608b8c8b0315423e524b48733d91edd43f95cb3354a765322ac306a858c2cd2e
  md5: 15a131f30cae36e9a655ca81fee9a285
  depends:
  - libgcc >=13
  license: MIT
  license_family: MIT
  size: 55847
  timestamp: 1743434586764
- conda: https://conda.anaconda.org/conda-forge/osx-64/libffi-3.4.6-h281671d_1.conda
  sha256: 6394b1bc67c64a21a5cc73d1736d1d4193a64515152e861785c44d2cfc49edf3
  md5: 4ca9ea59839a9ca8df84170fab4ceb41
  depends:
  - __osx >=10.13
  license: MIT
  license_family: MIT
  size: 51216
  timestamp: 1743434595269
- conda: https://conda.anaconda.org/conda-forge/linux-64/libgcc-15.1.0-h767d61c_5.conda
  sha256: 0caed73aac3966bfbf5710e06c728a24c6c138605121a3dacb2e03440e8baa6a
  md5: 264fbfba7fb20acf3b29cde153e345ce
  depends:
  - __glibc >=2.17,<3.0.a0
  - _openmp_mutex >=4.5
  constrains:
  - libgomp 15.1.0 h767d61c_5
  - libgcc-ng ==15.1.0=*_5
  license: GPL-3.0-only WITH GCC-exception-3.1
  license_family: GPL
  size: 824191
  timestamp: 1757042543820
- conda: https://conda.anaconda.org/conda-forge/linux-aarch64/libgcc-15.1.0-he277a41_5.conda
  sha256: 99d44310fa159590766d77fdd2d90d26a13406f703591f64f4fb78ec7cfe142e
  md5: 1c5fcbb9e0d333dc1d9206b0847e2d93
  depends:
  - _openmp_mutex >=4.5
  constrains:
  - libgcc-ng ==15.1.0=*_5
  - libgomp 15.1.0 he277a41_5
  license: GPL-3.0-only WITH GCC-exception-3.1
  license_family: GPL
  size: 511668
  timestamp: 1757043002003
- conda: https://conda.anaconda.org/conda-forge/linux-64/libgcc-ng-15.1.0-h69a702a_5.conda
  sha256: f54bb9c3be12b24be327f4c1afccc2969712e0b091cdfbd1d763fb3e61cda03f
  md5: 069afdf8ea72504e48d23ae1171d951c
  depends:
  - libgcc 15.1.0 h767d61c_5
  license: GPL-3.0-only WITH GCC-exception-3.1
  license_family: GPL
  size: 29187
  timestamp: 1757042549554
- conda: https://conda.anaconda.org/conda-forge/linux-aarch64/libgcc-ng-15.1.0-he9431aa_5.conda
  sha256: 560f36e3dafdc88b7122accbf4310266ca379cff43164008af97310df162ff50
  md5: 4391c20e103a64d4218ec82413407a40
  depends:
  - libgcc 15.1.0 he277a41_5
  license: GPL-3.0-only WITH GCC-exception-3.1
  license_family: GPL
  size: 29202
  timestamp: 1757043005856
- conda: https://conda.anaconda.org/conda-forge/linux-64/libgomp-15.1.0-h767d61c_5.conda
  sha256: 125051d51a8c04694d0830f6343af78b556dd88cc249dfec5a97703ebfb1832d
  md5: dcd5ff1940cd38f6df777cac86819d60
  depends:
  - __glibc >=2.17,<3.0.a0
  license: GPL-3.0-only WITH GCC-exception-3.1
  license_family: GPL
  size: 447215
  timestamp: 1757042483384
- conda: https://conda.anaconda.org/conda-forge/linux-aarch64/libgomp-15.1.0-he277a41_5.conda
  sha256: 3573b6f0b9037ee69c1fb39a6614c05f919191149196f2b33fb2acdf7caece59
  md5: da1eb826fad1995cb91f385da6efb919
  license: GPL-3.0-only WITH GCC-exception-3.1
  license_family: GPL
  size: 450637
  timestamp: 1757042941171
- conda: https://conda.anaconda.org/conda-forge/linux-64/liblzma-5.8.1-hb9d3cd8_2.conda
  sha256: f2591c0069447bbe28d4d696b7fcb0c5bd0b4ac582769b89addbcf26fb3430d8
  md5: 1a580f7796c7bf6393fddb8bbbde58dc
  depends:
  - __glibc >=2.17,<3.0.a0
  - libgcc >=13
  constrains:
  - xz 5.8.1.*
  license: 0BSD
  size: 112894
  timestamp: 1749230047870
- conda: https://conda.anaconda.org/conda-forge/linux-aarch64/liblzma-5.8.1-h86ecc28_2.conda
  sha256: 498ea4b29155df69d7f20990a7028d75d91dbea24d04b2eb8a3d6ef328806849
  md5: 7d362346a479256857ab338588190da0
  depends:
  - libgcc >=13
  constrains:
  - xz 5.8.1.*
  license: 0BSD
  size: 125103
  timestamp: 1749232230009
- conda: https://conda.anaconda.org/conda-forge/osx-64/liblzma-5.8.1-hd471939_2.conda
  sha256: 7e22fd1bdb8bf4c2be93de2d4e718db5c548aa082af47a7430eb23192de6bb36
  md5: 8468beea04b9065b9807fc8b9cdc5894
  depends:
  - __osx >=10.13
  constrains:
  - xz 5.8.1.*
  license: 0BSD
  size: 104826
  timestamp: 1749230155443
- conda: https://conda.anaconda.org/conda-forge/linux-64/libmpdec-4.0.0-hb9d3cd8_0.conda
  sha256: 3aa92d4074d4063f2a162cd8ecb45dccac93e543e565c01a787e16a43501f7ee
  md5: c7e925f37e3b40d893459e625f6a53f1
  depends:
  - __glibc >=2.17,<3.0.a0
  - libgcc >=13
  license: BSD-2-Clause
  license_family: BSD
  size: 91183
  timestamp: 1748393666725
- conda: https://conda.anaconda.org/conda-forge/linux-aarch64/libmpdec-4.0.0-h86ecc28_0.conda
  sha256: ef8697f934c80b347bf9d7ed45650928079e303bad01bd064995b0e3166d6e7a
  md5: 78cfed3f76d6f3f279736789d319af76
  depends:
  - libgcc >=13
  license: BSD-2-Clause
  license_family: BSD
  size: 114064
  timestamp: 1748393729243
- conda: https://conda.anaconda.org/conda-forge/osx-64/libmpdec-4.0.0-h6e16a3a_0.conda
  sha256: 98299c73c7a93cd4f5ff8bb7f43cd80389f08b5a27a296d806bdef7841cc9b9e
  md5: 18b81186a6adb43f000ad19ed7b70381
  depends:
  - __osx >=10.13
  license: BSD-2-Clause
  license_family: BSD
  size: 77667
  timestamp: 1748393757154
- conda: https://conda.anaconda.org/conda-forge/linux-64/libnghttp2-1.67.0-had1ee68_0.conda
  sha256: a4a7dab8db4dc81c736e9a9b42bdfd97b087816e029e221380511960ac46c690
  md5: b499ce4b026493a13774bcf0f4c33849
  depends:
  - __glibc >=2.17,<3.0.a0
  - c-ares >=1.34.5,<2.0a0
  - libev >=4.33,<4.34.0a0
  - libev >=4.33,<5.0a0
  - libgcc >=14
  - libstdcxx >=14
  - libzlib >=1.3.1,<2.0a0
  - openssl >=3.5.2,<4.0a0
  license: MIT
  license_family: MIT
  size: 666600
  timestamp: 1756834976695
- conda: https://conda.anaconda.org/conda-forge/linux-aarch64/libnghttp2-1.67.0-ha888d0e_0.conda
  sha256: b03f406fd5c3f865a5e08c89b625245a9c4e026438fd1a445e45e6a0d69c2749
  md5: 981082c1cc262f514a5a2cf37cab9b81
  depends:
  - c-ares >=1.34.5,<2.0a0
  - libev >=4.33,<4.34.0a0
  - libev >=4.33,<5.0a0
  - libgcc >=14
  - libstdcxx >=14
  - libzlib >=1.3.1,<2.0a0
  - openssl >=3.5.2,<4.0a0
  license: MIT
  license_family: MIT
  size: 728661
  timestamp: 1756835019535
- conda: https://conda.anaconda.org/conda-forge/osx-64/libnghttp2-1.67.0-h3338091_0.conda
  sha256: c48d7e1cc927aef83ff9c48ae34dd1d7495c6ccc1edc4a3a6ba6aff1624be9ac
  md5: e7630cef881b1174d40f3e69a883e55f
  depends:
  - __osx >=10.13
  - c-ares >=1.34.5,<2.0a0
  - libcxx >=19
  - libev >=4.33,<4.34.0a0
  - libev >=4.33,<5.0a0
  - libzlib >=1.3.1,<2.0a0
  - openssl >=3.5.2,<4.0a0
  license: MIT
  license_family: MIT
  size: 605680
  timestamp: 1756835898134
- conda: https://conda.anaconda.org/conda-forge/linux-64/libsqlite-3.50.4-h0c1763c_0.conda
  sha256: 6d9c32fc369af5a84875725f7ddfbfc2ace795c28f246dc70055a79f9b2003da
  md5: 0b367fad34931cb79e0d6b7e5c06bb1c
  depends:
  - __glibc >=2.17,<3.0.a0
  - libgcc >=14
  - libzlib >=1.3.1,<2.0a0
  license: blessing
  size: 932581
  timestamp: 1753948484112
- conda: https://conda.anaconda.org/conda-forge/linux-aarch64/libsqlite-3.50.4-h022381a_0.conda
  sha256: a361dc926f232e7f3aa664dbd821f12817601c07d2c8751a0668c2fb07d0e202
  md5: 0ad1b73a3df7e3376c14efe6dabe6987
  depends:
  - libgcc >=14
  - libzlib >=1.3.1,<2.0a0
  license: blessing
  size: 931661
  timestamp: 1753948557036
- conda: https://conda.anaconda.org/conda-forge/osx-64/libsqlite-3.50.4-h39a8b3b_0.conda
  sha256: 466366b094c3eb4b1d77320530cbf5400e7a10ab33e4824c200147488eebf7a6
  md5: 156bfb239b6a67ab4a01110e6718cbc4
  depends:
  - __osx >=10.13
  - libzlib >=1.3.1,<2.0a0
  license: blessing
  size: 980121
  timestamp: 1753948554003
- conda: https://conda.anaconda.org/conda-forge/linux-64/libssh2-1.11.1-hcf80075_0.conda
  sha256: fa39bfd69228a13e553bd24601332b7cfeb30ca11a3ca50bb028108fe90a7661
  md5: eecce068c7e4eddeb169591baac20ac4
  depends:
  - __glibc >=2.17,<3.0.a0
  - libgcc >=13
  - libzlib >=1.3.1,<2.0a0
  - openssl >=3.5.0,<4.0a0
  license: BSD-3-Clause
  license_family: BSD
  size: 304790
  timestamp: 1745608545575
- conda: https://conda.anaconda.org/conda-forge/linux-aarch64/libssh2-1.11.1-h18c354c_0.conda
  sha256: 1e289bcce4ee6a5817a19c66e296f3c644dcfa6e562e5c1cba807270798814e7
  md5: eecc495bcfdd9da8058969656f916cc2
  depends:
  - libgcc >=13
  - libzlib >=1.3.1,<2.0a0
  - openssl >=3.5.0,<4.0a0
  license: BSD-3-Clause
  license_family: BSD
  size: 311396
  timestamp: 1745609845915
- conda: https://conda.anaconda.org/conda-forge/osx-64/libssh2-1.11.1-hed3591d_0.conda
  sha256: 00654ba9e5f73aa1f75c1f69db34a19029e970a4aeb0fa8615934d8e9c369c3c
  md5: a6cb15db1c2dc4d3a5f6cf3772e09e81
  depends:
  - __osx >=10.13
  - libzlib >=1.3.1,<2.0a0
  - openssl >=3.5.0,<4.0a0
  license: BSD-3-Clause
  license_family: BSD
  size: 284216
  timestamp: 1745608575796
- conda: https://conda.anaconda.org/conda-forge/linux-64/libstdcxx-15.1.0-h8f9b012_5.conda
  sha256: 0f5f61cab229b6043541c13538d75ce11bd96fb2db76f94ecf81997b1fde6408
  md5: 4e02a49aaa9d5190cb630fa43528fbe6
  depends:
  - __glibc >=2.17,<3.0.a0
  - libgcc 15.1.0 h767d61c_5
  license: GPL-3.0-only WITH GCC-exception-3.1
  license_family: GPL
  size: 3896432
  timestamp: 1757042571458
- conda: https://conda.anaconda.org/conda-forge/linux-aarch64/libstdcxx-15.1.0-h3f4de04_5.conda
  sha256: 012b552fdb3fc4f703341b4c6d56313951f3fa8e817a7e7ecaef99d51920faad
  md5: 06758dc7550f212f095936e35255f32e
  depends:
  - libgcc 15.1.0 he277a41_5
  license: GPL-3.0-only WITH GCC-exception-3.1
  license_family: GPL
  size: 3827611
  timestamp: 1757043023868
- conda: https://conda.anaconda.org/conda-forge/linux-64/libstdcxx-ng-15.1.0-h4852527_5.conda
  sha256: 7b8cabbf0ab4fe3581ca28fe8ca319f964078578a51dd2ca3f703c1d21ba23ff
  md5: 8bba50c7f4679f08c861b597ad2bda6b
  depends:
  - libstdcxx 15.1.0 h8f9b012_5
  license: GPL-3.0-only WITH GCC-exception-3.1
  license_family: GPL
  size: 29233
  timestamp: 1757042603319
- conda: https://conda.anaconda.org/conda-forge/linux-aarch64/libstdcxx-ng-15.1.0-hf1166c9_5.conda
  sha256: 67567a6ceb581b5ece3e9a43cbf37e8781313917c3227eb53e9d31ba61d02277
  md5: 08ea9416b779ffbe8e11b5b835919468
  depends:
  - libstdcxx 15.1.0 h3f4de04_5
  license: GPL-3.0-only WITH GCC-exception-3.1
  license_family: GPL
  size: 29229
  timestamp: 1757043052495
- conda: https://conda.anaconda.org/conda-forge/linux-64/libuuid-2.41.2-he9a06e4_0.conda
  sha256: e5ec6d2ad7eef538ddcb9ea62ad4346fde70a4736342c4ad87bd713641eb9808
  md5: 80c07c68d2f6870250959dcc95b209d1
  depends:
  - __glibc >=2.17,<3.0.a0
  - libgcc >=14
  license: BSD-3-Clause
  license_family: BSD
  size: 37135
  timestamp: 1758626800002
- conda: https://conda.anaconda.org/conda-forge/linux-aarch64/libuuid-2.41.2-h3e4203c_0.conda
  sha256: 7aed28ac04e0298bf8f7ad44a23d6f8ee000aa0445807344b16fceedc67cce0f
  md5: 3a68e44fdf2a2811672520fdd62996bd
  depends:
  - libgcc >=14
  license: BSD-3-Clause
  license_family: BSD
  size: 39172
  timestamp: 1758626850999
- conda: https://conda.anaconda.org/conda-forge/linux-64/libxcrypt-4.4.36-hd590300_1.conda
  sha256: 6ae68e0b86423ef188196fff6207ed0c8195dd84273cb5623b85aa08033a410c
  md5: 5aa797f8787fe7a17d1b0821485b5adc
  depends:
  - libgcc-ng >=12
  license: LGPL-2.1-or-later
  size: 100393
  timestamp: 1702724383534
- conda: https://conda.anaconda.org/conda-forge/linux-aarch64/libxcrypt-4.4.36-h31becfc_1.conda
  sha256: 6b46c397644091b8a26a3048636d10b989b1bf266d4be5e9474bf763f828f41f
  md5: b4df5d7d4b63579d081fd3a4cf99740e
  depends:
  - libgcc-ng >=12
  license: LGPL-2.1-or-later
  size: 114269
  timestamp: 1702724369203
- conda: https://conda.anaconda.org/conda-forge/linux-64/libzlib-1.3.1-hb9d3cd8_2.conda
  sha256: d4bfe88d7cb447768e31650f06257995601f89076080e76df55e3112d4e47dc4
  md5: edb0dca6bc32e4f4789199455a1dbeb8
  depends:
  - __glibc >=2.17,<3.0.a0
  - libgcc >=13
  constrains:
  - zlib 1.3.1 *_2
  license: Zlib
  license_family: Other
  size: 60963
  timestamp: 1727963148474
- conda: https://conda.anaconda.org/conda-forge/linux-aarch64/libzlib-1.3.1-h86ecc28_2.conda
  sha256: 5a2c1eeef69342e88a98d1d95bff1603727ab1ff4ee0e421522acd8813439b84
  md5: 08aad7cbe9f5a6b460d0976076b6ae64
  depends:
  - libgcc >=13
  constrains:
  - zlib 1.3.1 *_2
  license: Zlib
  license_family: Other
  size: 66657
  timestamp: 1727963199518
- conda: https://conda.anaconda.org/conda-forge/osx-64/libzlib-1.3.1-hd23fc13_2.conda
  sha256: 8412f96504fc5993a63edf1e211d042a1fd5b1d51dedec755d2058948fcced09
  md5: 003a54a4e32b02f7355b50a837e699da
  depends:
  - __osx >=10.13
  constrains:
  - zlib 1.3.1 *_2
  license: Zlib
  license_family: Other
  size: 57133
  timestamp: 1727963183990
- conda: https://conda.anaconda.org/conda-forge/linux-64/ncurses-6.5-h2d0b736_3.conda
  sha256: 3fde293232fa3fca98635e1167de6b7c7fda83caf24b9d6c91ec9eefb4f4d586
  md5: 47e340acb35de30501a76c7c799c41d7
  depends:
  - __glibc >=2.17,<3.0.a0
  - libgcc >=13
  license: X11 AND BSD-3-Clause
  size: 891641
  timestamp: 1738195959188
- conda: https://conda.anaconda.org/conda-forge/linux-aarch64/ncurses-6.5-ha32ae93_3.conda
  sha256: 91cfb655a68b0353b2833521dc919188db3d8a7f4c64bea2c6a7557b24747468
  md5: 182afabe009dc78d8b73100255ee6868
  depends:
  - libgcc >=13
  license: X11 AND BSD-3-Clause
  size: 926034
  timestamp: 1738196018799
- conda: https://conda.anaconda.org/conda-forge/osx-64/ncurses-6.5-h0622a9a_3.conda
  sha256: ea4a5d27ded18443749aefa49dc79f6356da8506d508b5296f60b8d51e0c4bd9
  md5: ced34dd9929f491ca6dab6a2927aff25
  depends:
  - __osx >=10.13
  license: X11 AND BSD-3-Clause
  size: 822259
  timestamp: 1738196181298
- conda: https://conda.anaconda.org/conda-forge/linux-64/openssl-3.5.3-h26f9b46_1.conda
  sha256: 0572be1b7d3c4f4c288bb8ab1cb6007b5b8b9523985b34b862b5222dea3c45f5
  md5: 4fc6c4c88da64c0219c0c6c0408cedd4
  depends:
  - __glibc >=2.17,<3.0.a0
  - ca-certificates
  - libgcc >=14
  license: Apache-2.0
  license_family: Apache
  size: 3128517
  timestamp: 1758597915858
- conda: https://conda.anaconda.org/conda-forge/linux-aarch64/openssl-3.5.3-h8e36d6e_1.conda
  sha256: eea0ca94d6d8f35ab8a5c871f0a55f309346dbde30a8f8aa35b8ece081013e08
  md5: dcb5072b44f3b8c04ed5817503be7488
  depends:
  - ca-certificates
  - libgcc >=14
  license: Apache-2.0
  license_family: Apache
  size: 3661227
  timestamp: 1758600029182
- conda: https://conda.anaconda.org/conda-forge/osx-64/openssl-3.5.3-h230baf5_1.conda
  sha256: 8eeb0d7e01784c1644c93947ba5e6e55d79f9f9c8dd53b33a6523efb93afd56c
  md5: f601470d724024fec8dbb98a2dd5b39c
  depends:
  - __osx >=10.13
  - ca-certificates
  license: Apache-2.0
  license_family: Apache
  size: 2742974
  timestamp: 1758599496115
- conda: https://conda.anaconda.org/conda-forge/linux-64/parallel-20250822-ha770c72_0.conda
  sha256: 23e0a3735ab44ec5f6610c2d7d96d084b698b06432b10ada5d086f3aac8952db
  md5: 3e1d1c027020370bb0ab33e6f794091c
  depends:
  - perl
  license: CC-BY-SA-4.0 AND GFDL-1.3-or-later AND GPL-3.0-or-later
  license_family: GPL
  size: 2008498
  timestamp: 1756238974533
- conda: https://conda.anaconda.org/conda-forge/linux-aarch64/parallel-20250822-h8af1aa0_0.conda
  sha256: d4881221c9341e69402f609dcd74c2171c9f14b099490c4e746a52b7f2b2c932
  md5: 45a39cfcb866b49a1f804efcad1f3c14
  depends:
  - perl
  license: CC-BY-SA-4.0 AND GFDL-1.3-or-later AND GPL-3.0-or-later
  license_family: GPL
  size: 2009780
  timestamp: 1756211563745
- conda: https://conda.anaconda.org/conda-forge/osx-64/parallel-20250822-h694c41f_0.conda
  sha256: 798c8bee64bbeae69b35f51fddccc0af75e0ebdadb9cacacdd20cb63d8aa54ab
  md5: 84b4c8f4bf54b47a093d000f9c172cd3
  depends:
  - perl
  license: CC-BY-SA-4.0 AND GFDL-1.3-or-later AND GPL-3.0-or-later
  license_family: GPL
  size: 2007141
  timestamp: 1756211023282
- conda: https://conda.anaconda.org/conda-forge/linux-64/perl-5.32.1-7_hd590300_perl5.conda
  build_number: 7
  sha256: 9ec32b6936b0e37bcb0ed34f22ec3116e75b3c0964f9f50ecea5f58734ed6ce9
  md5: f2cfec9406850991f4e3d960cc9e3321
  depends:
  - libgcc-ng >=12
  - libxcrypt >=4.4.36
  license: GPL-1.0-or-later OR Artistic-1.0-Perl
  size: 13344463
  timestamp: 1703310653947
- conda: https://conda.anaconda.org/conda-forge/linux-aarch64/perl-5.32.1-7_h31becfc_perl5.conda
  build_number: 7
  sha256: d78296134263b5bf476cad838ded65451e7162db756f9997c5d06b08122572ed
  md5: 17d019cb2a6c72073c344e98e40dfd61
  depends:
  - libgcc-ng >=12
  - libxcrypt >=4.4.36
  license: GPL-1.0-or-later OR Artistic-1.0-Perl
  size: 13338804
  timestamp: 1703310557094
- conda: https://conda.anaconda.org/conda-forge/osx-64/perl-5.32.1-7_h10d778d_perl5.conda
  build_number: 7
  sha256: 8ebd35e2940055a93135b9fd11bef3662cecef72d6ee651f68d64a2f349863c7
  md5: dc442e0885c3a6b65e61c61558161a9e
  license: GPL-1.0-or-later OR Artistic-1.0-Perl
  size: 12334471
  timestamp: 1703311001432
- conda: https://conda.anaconda.org/conda-forge/linux-64/python-3.13.7-h2b335a9_100_cp313.conda
  build_number: 100
  sha256: 16cc30a5854f31ca6c3688337d34e37a79cdc518a06375fe3482ea8e2d6b34c8
  md5: 724dcf9960e933838247971da07fe5cf
  depends:
  - __glibc >=2.17,<3.0.a0
  - bzip2 >=1.0.8,<2.0a0
  - ld_impl_linux-64 >=2.36.1
  - libexpat >=2.7.1,<3.0a0
  - libffi >=3.4.6,<3.5.0a0
  - libgcc >=14
  - liblzma >=5.8.1,<6.0a0
  - libmpdec >=4.0.0,<5.0a0
  - libsqlite >=3.50.4,<4.0a0
  - libuuid >=2.38.1,<3.0a0
  - libzlib >=1.3.1,<2.0a0
  - ncurses >=6.5,<7.0a0
  - openssl >=3.5.2,<4.0a0
  - python_abi 3.13.* *_cp313
  - readline >=8.2,<9.0a0
  - tk >=8.6.13,<8.7.0a0
  - tzdata
  license: Python-2.0
  size: 33583088
  timestamp: 1756911465277
  python_site_packages_path: lib/python3.13/site-packages
- conda: https://conda.anaconda.org/conda-forge/linux-aarch64/python-3.13.7-h23354eb_100_cp313.conda
  build_number: 100
  sha256: aa5b5175de6ed42f392ea072d7c0be4f5b2bfabbc3106147b342ebb83e6ba347
  md5: 30083e2e4f0c0b378079e25aba9f46e3
  depends:
  - bzip2 >=1.0.8,<2.0a0
  - ld_impl_linux-aarch64 >=2.36.1
  - libexpat >=2.7.1,<3.0a0
  - libffi >=3.4.6,<3.5.0a0
  - libgcc >=14
  - liblzma >=5.8.1,<6.0a0
  - libmpdec >=4.0.0,<5.0a0
  - libsqlite >=3.50.4,<4.0a0
  - libuuid >=2.38.1,<3.0a0
  - libzlib >=1.3.1,<2.0a0
  - ncurses >=6.5,<7.0a0
  - openssl >=3.5.2,<4.0a0
  - python_abi 3.13.* *_cp313
  - readline >=8.2,<9.0a0
  - tk >=8.6.13,<8.7.0a0
  - tzdata
  license: Python-2.0
  size: 33835100
  timestamp: 1756909922074
  python_site_packages_path: lib/python3.13/site-packages
- conda: https://conda.anaconda.org/conda-forge/osx-64/python-3.13.7-h5eba815_100_cp313.conda
  build_number: 100
  sha256: 581e4db7462c383fbb64d295a99a3db73217f8c24781cbe7ab583ff9d0305968
  md5: 1759e1c9591755521bd50489756a599d
  depends:
  - __osx >=10.13
  - bzip2 >=1.0.8,<2.0a0
  - libexpat >=2.7.1,<3.0a0
  - libffi >=3.4.6,<3.5.0a0
  - liblzma >=5.8.1,<6.0a0
  - libmpdec >=4.0.0,<5.0a0
  - libsqlite >=3.50.4,<4.0a0
  - libzlib >=1.3.1,<2.0a0
  - ncurses >=6.5,<7.0a0
  - openssl >=3.5.2,<4.0a0
  - python_abi 3.13.* *_cp313
  - readline >=8.2,<9.0a0
  - tk >=8.6.13,<8.7.0a0
  - tzdata
  license: Python-2.0
  size: 12575616
  timestamp: 1756911460182
  python_site_packages_path: lib/python3.13/site-packages
- conda: https://conda.anaconda.org/conda-forge/noarch/python_abi-3.13-8_cp313.conda
  build_number: 8
  sha256: 210bffe7b121e651419cb196a2a63687b087497595c9be9d20ebe97dd06060a7
  md5: 94305520c52a4aa3f6c2b1ff6008d9f8
  constrains:
  - python 3.13.* *_cp313
  license: BSD-3-Clause
  license_family: BSD
  size: 7002
  timestamp: 1752805902938
- conda: https://conda.anaconda.org/conda-forge/linux-64/readline-8.2-h8c095d6_2.conda
  sha256: 2d6d0c026902561ed77cd646b5021aef2d4db22e57a5b0178dfc669231e06d2c
  md5: 283b96675859b20a825f8fa30f311446
  depends:
  - libgcc >=13
  - ncurses >=6.5,<7.0a0
  license: GPL-3.0-only
  license_family: GPL
  size: 282480
  timestamp: 1740379431762
- conda: https://conda.anaconda.org/conda-forge/linux-aarch64/readline-8.2-h8382b9d_2.conda
  sha256: 54bed3a3041befaa9f5acde4a37b1a02f44705b7796689574bcf9d7beaad2959
  md5: c0f08fc2737967edde1a272d4bf41ed9
  depends:
  - libgcc >=13
  - ncurses >=6.5,<7.0a0
  license: GPL-3.0-only
  license_family: GPL
  size: 291806
  timestamp: 1740380591358
- conda: https://conda.anaconda.org/conda-forge/osx-64/readline-8.2-h7cca4af_2.conda
  sha256: 53017e80453c4c1d97aaf78369040418dea14cf8f46a2fa999f31bd70b36c877
  md5: 342570f8e02f2f022147a7f841475784
  depends:
  - ncurses >=6.5,<7.0a0
  license: GPL-3.0-only
  license_family: GPL
  size: 256712
  timestamp: 1740379577668
- conda: https://conda.anaconda.org/bioconda/linux-64/samtools-1.22.1-h96c455f_0.tar.bz2
  sha256: 5850a463a6ccf6a6f94944944d9fa1a49a86942a4365d2aaa035b89ea56ea908
  md5: 7088984cee084e606b2826b1fc3b5906
  depends:
  - htslib >=1.22.1,<1.23.0a0
  - libgcc >=13
  - libzlib >=1.3.1,<2.0a0
  - ncurses >=6.5,<7.0a0
  license: MIT
  size: 499281
  timestamp: 1752528204243
- conda: https://conda.anaconda.org/bioconda/linux-aarch64/samtools-1.22.1-h0b41a95_0.tar.bz2
  sha256: f1ef4ddea506eb9350baea1237418c41f4ac3e78c27c18ba68eb81c72dafd886
  md5: fca8f5c0738622a823b0f4c88be09aa7
  depends:
  - htslib >=1.22.1,<1.23.0a0
  - libgcc >=13
  - libzlib >=1.3.1,<2.0a0
  - ncurses >=6.5,<7.0a0
  license: MIT
  size: 572155
  timestamp: 1752527954545
- conda: https://conda.anaconda.org/bioconda/osx-64/samtools-1.22.1-ha21ef43_0.tar.bz2
  sha256: 3a21a65f308779a251c78f5172406b9d9f182ab429a9dc21fc06c612cd3d5dab
  md5: f0241f97ff017dc8ab3d716dcfaa605a
  depends:
  - htslib >=1.22.1,<1.23.0a0
  - libzlib >=1.3.1,<2.0a0
  - ncurses >=6.5,<7.0a0
  license: MIT
  size: 497138
  timestamp: 1752528876450
- conda: https://conda.anaconda.org/bioconda/linux-64/seqkit-2.10.1-he881be0_0.conda
  sha256: 1092b10c33272f04a7b9ab074c417d116c80f57ca19ce918969825b8b5205812
  md5: 7aa968b0961e96eb81ad6bfb78711996
  license: MIT
  license_family: MIT
  size: 12323830
  timestamp: 1755592064787
- conda: https://conda.anaconda.org/bioconda/linux-aarch64/seqkit-2.10.1-h8865c2f_0.conda
  sha256: 552d5baa05caae064cbba9c46164c4f577fdb51506a3dd327267b908dc87545d
  md5: 76124004710619cca4eaa561f51e824e
  license: MIT
  license_family: MIT
  size: 11517741
  timestamp: 1755591741910
- conda: https://conda.anaconda.org/bioconda/osx-64/seqkit-2.10.1-h193322a_0.conda
  sha256: a5952a3550db6dad588bf85cc1f346da0a4c9ad42c52a413cdd2ff9332fc7245
  md5: 9b0e060a5bcfe7d0396b447df1c0889a
  constrains:
  - __osx>=10.12
  license: MIT
  license_family: MIT
  size: 11986461
  timestamp: 1755592751029
- conda: https://conda.anaconda.org/conda-forge/linux-64/tk-8.6.13-noxft_hd72426e_102.conda
  sha256: a84ff687119e6d8752346d1d408d5cf360dee0badd487a472aa8ddedfdc219e1
  md5: a0116df4f4ed05c303811a837d5b39d8
  depends:
  - __glibc >=2.17,<3.0.a0
  - libgcc >=13
  - libzlib >=1.3.1,<2.0a0
  license: TCL
  license_family: BSD
  size: 3285204
  timestamp: 1748387766691
- conda: https://conda.anaconda.org/conda-forge/linux-aarch64/tk-8.6.13-noxft_h5688188_102.conda
  sha256: 46e10488e9254092c655257c18fcec0a9864043bdfbe935a9fbf4fb2028b8514
  md5: 2562c9bfd1de3f9c590f0fe53858d85c
  depends:
  - libgcc >=13
  - libzlib >=1.3.1,<2.0a0
  license: TCL
  license_family: BSD
  size: 3342845
  timestamp: 1748393219221
- conda: https://conda.anaconda.org/conda-forge/osx-64/tk-8.6.13-hf689a15_2.conda
  sha256: b24468006a96b71a5f4372205ea7ec4b399b0f2a543541e86f883de54cd623fc
  md5: 9864891a6946c2fe037c02fca7392ab4
  depends:
  - __osx >=10.13
  - libzlib >=1.3.1,<2.0a0
  license: TCL
  license_family: BSD
  size: 3259809
  timestamp: 1748387843735
- conda: https://conda.anaconda.org/conda-forge/noarch/tzdata-2025b-h78e105d_0.conda
  sha256: 5aaa366385d716557e365f0a4e9c3fca43ba196872abbbe3d56bb610d131e192
  md5: 4222072737ccff51314b5ece9c7d6f5a
  license: LicenseRef-Public-Domain
  size: 122968
  timestamp: 1742727099393
- conda: https://conda.anaconda.org/conda-forge/linux-64/zstd-1.5.7-hb8e6e7a_2.conda
  sha256: a4166e3d8ff4e35932510aaff7aa90772f84b4d07e9f6f83c614cba7ceefe0eb
  md5: 6432cb5d4ac0046c3ac0a8a0f95842f9
  depends:
  - __glibc >=2.17,<3.0.a0
  - libgcc >=13
  - libstdcxx >=13
  - libzlib >=1.3.1,<2.0a0
  license: BSD-3-Clause
  license_family: BSD
  size: 567578
  timestamp: 1742433379869
- conda: https://conda.anaconda.org/conda-forge/linux-aarch64/zstd-1.5.7-hbcf94c1_2.conda
  sha256: 0812e7b45f087cfdd288690ada718ce5e13e8263312e03b643dd7aa50d08b51b
  md5: 5be90c5a3e4b43c53e38f50a85e11527
  depends:
  - libgcc >=13
  - libstdcxx >=13
  - libzlib >=1.3.1,<2.0a0
  license: BSD-3-Clause
  license_family: BSD
  size: 551176
  timestamp: 1742433378347
- conda: https://conda.anaconda.org/conda-forge/osx-64/zstd-1.5.7-h8210216_2.conda
  sha256: c171c43d0c47eed45085112cb00c8c7d4f0caa5a32d47f2daca727e45fb98dca
  md5: cd60a4a5a8d6a476b30d8aa4bb49251a
  depends:
  - __osx >=10.13
  - libzlib >=1.3.1,<2.0a0
  license: BSD-3-Clause
  license_family: BSD
  size: 485754
  timestamp: 1742433356230
